<Solution>
  <Folder Name="/src/">
    <Project Path="src/TrustAutomation.Api/TrustAutomation.Api.csproj" />
    <Project Path="src/TrustAutomation.Application/TrustAutomation.Application.csproj" />
    <Project Path="src/TrustAutomation.Domain/TrustAutomation.Domain.csproj" />
    <Project Path="src/TrustAutomation.Infrastructure/TrustAutomation.Infrastructure.csproj" />
  </Folder>
</Solution>
